// !$*UTF8*$!
{
	archiveVersion = 1;
	classes = {
	};
	objectVersion = 50;
	objects = {

/* Begin PBXBuildFile section */
		A0CD41CA2550705200D79916 /* AppDelegate.swift in Sources */ = {isa = PBXBuildFile; fileRef = A0CD41C92550705200D79916 /* AppDelegate.swift */; };
		A0CD41CC2550705200D79916 /* SceneDelegate.swift in Sources */ = {isa = PBXBuildFile; fileRef = A0CD41CB2550705200D79916 /* SceneDelegate.swift */; };
		A0CD41CE2550705200D79916 /* ContentView.swift in Sources */ = {isa = PBXBuildFile; fileRef = A0CD41CD2550705200D79916 /* ContentView.swift */; };
		A0CD41D02550705A00D79916 /* Assets.xcassets in Resources */ = {isa = PBXBuildFile; fileRef = A0CD41CF2550705A00D79916 /* Assets.xcassets */; };
		A0CD41D32550705A00D79916 /* Preview Assets.xcassets in Resources */ = {isa = PBXBuildFile; fileRef = A0CD41D22550705A00D79916 /* Preview Assets.xcassets */; };
		A0CD41D62550705A00D79916 /* LaunchScreen.storyboard in Resources */ = {isa = PBXBuildFile; fileRef = A0CD41D42550705A00D79916 /* LaunchScreen.storyboard */; };
		A0CD41E12550705A00D79916 /* mapDoingSuccessTests.swift in Sources */ = {isa = PBXBuildFile; fileRef = A0CD41E02550705A00D79916 /* mapDoingSuccessTests.swift */; };
		A0CD41EC2550705A00D79916 /* mapDoingSuccessUITests.swift in Sources */ = {isa = PBXBuildFile; fileRef = A0CD41EB2550705A00D79916 /* mapDoingSuccessUITests.swift */; };
		A0CD41FA2551380300D79916 /* taskView.swift in Sources */ = {isa = PBXBuildFile; fileRef = A0CD41F92551380300D79916 /* taskView.swift */; };
		A0CD41FC2551382500D79916 /* mapView.swift in Sources */ = {isa = PBXBuildFile; fileRef = A0CD41FB2551382500D79916 /* mapView.swift */; };
/* End PBXBuildFile section */

/* Begin PBXContainerItemProxy section */
		A0CD41DD2550705A00D79916 /* PBXContainerItemProxy */ = {
			isa = PBXContainerItemProxy;
			containerPortal = A0CD41BE2550705200D79916 /* Project object */;
			proxyType = 1;
			remoteGlobalIDString = A0CD41C52550705200D79916;
			remoteInfo = mapDoingSuccess;
		};
		A0CD41E82550705A00D79916 /* PBXContainerItemProxy */ = {
			isa = PBXContainerItemProxy;
			containerPortal = A0CD41BE2550705200D79916 /* Project object */;
			proxyType = 1;
			remoteGlobalIDString = A0CD41C52550705200D79916;
			remoteInfo = mapDoingSuccess;
		};
/* End PBXContainerItemProxy section */

/* Begin PBXFileReference section */
		A0CD41C62550705200D79916 /* mapDoingSuccess.app */ = {isa = PBXFileReference; explicitFileType = wrapper.application; includeInIndex = 0; path = mapDoingSuccess.app; sourceTree = BUILT_PRODUCTS_DIR; };
		A0CD41C92550705200D79916 /* AppDelegate.swift */ = {isa = PBXFileReference; lastKnownFileType = sourcecode.swift; path = AppDelegate.swift; sourceTree = "<group>"; };
		A0CD41CB2550705200D79916 /* SceneDelegate.swift */ = {isa = PBXFileReference; lastKnownFileType = sourcecode.swift; path = SceneDelegate.swift; sourceTree = "<group>"; };
		A0CD41CD2550705200D79916 /* ContentView.swift */ = {isa = PBXFileReference; lastKnownFileType = sourcecode.swift; path = ContentView.swift; sourceTree = "<group>"; };
		A0CD41CF2550705A00D79916 /* Assets.xcassets */ = {isa = PBXFileReference; lastKnownFileType = folder.assetcatalog; path = Assets.xcassets; sourceTree = "<group>"; };
		A0CD41D22550705A00D79916 /* Preview Assets.xcassets */ = {isa = PBXFileReference; lastKnownFileType = folder.assetcatalog; path = "Preview Assets.xcassets"; sourceTree = "<group>"; };
		A0CD41D52550705A00D79916 /* Base */ = {isa = PBXFileReference; lastKnownFileType = file.storyboard; name = Base; path = Base.lproj/LaunchScreen.storyboard; sourceTree = "<group>"; };
		A0CD41D72550705A00D79916 /* Info.plist */ = {isa = PBXFileReference; lastKnownFileType = text.plist.xml; path = Info.plist; sourceTree = "<group>"; };
		A0CD41DC2550705A00D79916 /* mapDoingSuccessTests.xctest */ = {isa = PBXFileReference; explicitFileType = wrapper.cfbundle; includeInIndex = 0; path = mapDoingSuccessTests.xctest; sourceTree = BUILT_PRODUCTS_DIR; };
		A0CD41E02550705A00D79916 /* mapDoingSuccessTests.swift */ = {isa = PBXFileReference; lastKnownFileType = sourcecode.swift; path = mapDoingSuccessTests.swift; sourceTree = "<group>"; };
		A0CD41E22550705A00D79916 /* Info.plist */ = {isa = PBXFileReference; lastKnownFileType = text.plist.xml; path = Info.plist; sourceTree = "<group>"; };
		A0CD41E72550705A00D79916 /* mapDoingSuccessUITests.xctest */ = {isa = PBXFileReference; explicitFileType = wrapper.cfbundle; includeInIndex = 0; path = mapDoingSuccessUITests.xctest; sourceTree = BUILT_PRODUCTS_DIR; };
		A0CD41EB2550705A00D79916 /* mapDoingSuccessUITests.swift */ = {isa = PBXFileReference; lastKnownFileType = sourcecode.swift; path = mapDoingSuccessUITests.swift; sourceTree = "<group>"; };
		A0CD41ED2550705A00D79916 /* Info.plist */ = {isa = PBXFileReference; lastKnownFileType = text.plist.xml; path = Info.plist; sourceTree = "<group>"; };
		A0CD41F92551380300D79916 /* taskView.swift */ = {isa = PBXFileReference; lastKnownFileType = sourcecode.swift; path = taskView.swift; sourceTree = "<group>"; };
		A0CD41FB2551382500D79916 /* mapView.swift */ = {isa = PBXFileReference; lastKnownFileType = sourcecode.swift; path = mapView.swift; sourceTree = "<group>"; };
/* End PBXFileReference section */

/* Begin PBXFrameworksBuildPhase section */
		A0CD41C32550705200D79916 /* Frameworks */ = {
			isa = PBXFrameworksBuildPhase;
			buildActionMask = 2147483647;
			files = (
			);
			runOnlyForDeploymentPostprocessing = 0;
		};
		A0CD41D92550705A00D79916 /* Frameworks */ = {
			isa = PBXFrameworksBuildPhase;
			buildActionMask = 2147483647;
			files = (
			);
			runOnlyForDeploymentPostprocessing = 0;
		};
		A0CD41E42550705A00D79916 /* Frameworks */ = {
			isa = PBXFrameworksBuildPhase;
			buildActionMask = 2147483647;
			files = (
			);
			runOnlyForDeploymentPostprocessing = 0;
		};
/* End PBXFrameworksBuildPhase section */

/* Begin PBXGroup section */
		A0CD41BD2550705200D79916 = {
			isa = PBXGroup;
			children = (
				A0CD41C82550705200D79916 /* mapDoingSuccess */,
				A0CD41DF2550705A00D79916 /* mapDoingSuccessTests */,
				A0CD41EA2550705A00D79916 /* mapDoingSuccessUITests */,
				A0CD41C72550705200D79916 /* Products */,
			);
			sourceTree = "<group>";
		};
		A0CD41C72550705200D79916 /* Products */ = {
			isa = PBXGroup;
			children = (
				A0CD41C62550705200D79916 /* mapDoingSuccess.app */,
				A0CD41DC2550705A00D79916 /* mapDoingSuccessTests.xctest */,
				A0CD41E72550705A00D79916 /* mapDoingSuccessUITests.xctest */,
			);
			name = Products;
			sourceTree = "<group>";
		};
		A0CD41C82550705200D79916 /* mapDoingSuccess */ = {
			isa = PBXGroup;
			children = (
				A0CD41C92550705200D79916 /* AppDelegate.swift */,
				A0CD41CB2550705200D79916 /* SceneDelegate.swift */,
				A0CD41CD2550705200D79916 /* ContentView.swift */,
				A0CD41CF2550705A00D79916 /* Assets.xcassets */,
				A0CD41D42550705A00D79916 /* LaunchScreen.storyboard */,
				A0CD41D72550705A00D79916 /* Info.plist */,
				A0CD41D12550705A00D79916 /* Preview Content */,
				A0CD41F92551380300D79916 /* taskView.swift */,
				A0CD41FB2551382500D79916 /* mapView.swift */,
			);
			path = mapDoingSuccess;
			sourceTree = "<group>";
		};
		A0CD41D12550705A00D79916 /* Preview Content */ = {
			isa = PBXGroup;
			children = (
				A0CD41D22550705A00D79916 /* Preview Assets.xcassets */,
			);
			path = "Preview Content";
			sourceTree = "<group>";
		};
		A0CD41DF2550705A00D79916 /* mapDoingSuccessTests */ = {
			isa = PBXGroup;
			children = (
				A0CD41E02550705A00D79916 /* mapDoingSuccessTests.swift */,
				A0CD41E22550705A00D79916 /* Info.plist */,
			);
			path = mapDoingSuccessTests;
			sourceTree = "<group>";
		};
		A0CD41EA2550705A00D79916 /* mapDoingSuccessUITests */ = {
			isa = PBXGroup;
			children = (
				A0CD41EB2550705A00D79916 /* mapDoingSuccessUITests.swift */,
				A0CD41ED2550705A00D79916 /* Info.plist */,
			);
			path = mapDoingSuccessUITests;
			sourceTree = "<group>";
		};
/* End PBXGroup section */

/* Begin PBXNativeTarget section */
		A0CD41C52550705200D79916 /* mapDoingSuccess */ = {
			isa = PBXNativeTarget;
			buildConfigurationList = A0CD41F02550705A00D79916 /* Build configuration list for PBXNativeTarget "mapDoingSuccess" */;
			buildPhases = (
				A0CD41C22550705200D79916 /* Sources */,
				A0CD41C32550705200D79916 /* Frameworks */,
				A0CD41C42550705200D79916 /* Resources */,
			);
			buildRules = (
			);
			dependencies = (
			);
			name = mapDoingSuccess;
			productName = mapDoingSuccess;
			productReference = A0CD41C62550705200D79916 /* mapDoingSuccess.app */;
			productType = "com.apple.product-type.application";
		};
		A0CD41DB2550705A00D79916 /* mapDoingSuccessTests */ = {
			isa = PBXNativeTarget;
			buildConfigurationList = A0CD41F32550705A00D79916 /* Build configuration list for PBXNativeTarget "mapDoingSuccessTests" */;
			buildPhases = (
				A0CD41D82550705A00D79916 /* Sources */,
				A0CD41D92550705A00D79916 /* Frameworks */,
				A0CD41DA2550705A00D79916 /* Resources */,
			);
			buildRules = (
			);
			dependencies = (
				A0CD41DE2550705A00D79916 /* PBXTargetDependency */,
			);
			name = mapDoingSuccessTests;
			productName = mapDoingSuccessTests;
			productReference = A0CD41DC2550705A00D79916 /* mapDoingSuccessTests.xctest */;
			productType = "com.apple.product-type.bundle.unit-test";
		};
		A0CD41E62550705A00D79916 /* mapDoingSuccessUITests */ = {
			isa = PBXNativeTarget;
			buildConfigurationList = A0CD41F62550705A00D79916 /* Build configuration list for PBXNativeTarget "mapDoingSuccessUITests" */;
			buildPhases = (
				A0CD41E32550705A00D79916 /* Sources */,
				A0CD41E42550705A00D79916 /* Frameworks */,
				A0CD41E52550705A00D79916 /* Resources */,
			);
			buildRules = (
			);
			dependencies = (
				A0CD41E92550705A00D79916 /* PBXTargetDependency */,
			);
			name = mapDoingSuccessUITests;
			productName = mapDoingSuccessUITests;
			productReference = A0CD41E72550705A00D79916 /* mapDoingSuccessUITests.xctest */;
			productType = "com.apple.product-type.bundle.ui-testing";
		};
/* End PBXNativeTarget section */

/* Begin PBXProject section */
		A0CD41BE2550705200D79916 /* Project object */ = {
			isa = PBXProject;
			attributes = {
				LastSwiftUpdateCheck = 1150;
				LastUpgradeCheck = 1150;
				ORGANIZATIONNAME = "Hiroki Gonoi";
				TargetAttributes = {
					A0CD41C52550705200D79916 = {
						CreatedOnToolsVersion = 11.5;
					};
					A0CD41DB2550705A00D79916 = {
						CreatedOnToolsVersion = 11.5;
						TestTargetID = A0CD41C52550705200D79916;
					};
					A0CD41E62550705A00D79916 = {
						CreatedOnToolsVersion = 11.5;
						TestTargetID = A0CD41C52550705200D79916;
					};
				};
			};
			buildConfigurationList = A0CD41C12550705200D79916 /* Build configuration list for PBXProject "mapDoingSuccess" */;
			compatibilityVersion = "Xcode 9.3";
			developmentRegion = en;
			hasScannedForEncodings = 0;
			knownRegions = (
				en,
				Base,
			);
			mainGroup = A0CD41BD2550705200D79916;
			productRefGroup = A0CD41C72550705200D79916 /* Products */;
			projectDirPath = "";
			projectRoot = "";
			targets = (
				A0CD41C52550705200D79916 /* mapDoingSuccess */,
				A0CD41DB2550705A00D79916 /* mapDoingSuccessTests */,
				A0CD41E62550705A00D79916 /* mapDoingSuccessUITests */,
			);
		};
/* End PBXProject section */

/* Begin PBXResourcesBuildPhase section */
		A0CD41C42550705200D79916 /* Resources */ = {
			isa = PBXResourcesBuildPhase;
			buildActionMask = 2147483647;
			files = (
				A0CD41D62550705A00D79916 /* LaunchScreen.storyboard in Resources */,
				A0CD41D32550705A00D79916 /* Preview Assets.xcassets in Resources */,
				A0CD41D02550705A00D79916 /* Assets.xcassets in Resources */,
			);
			runOnlyForDeploymentPostprocessing = 0;
		};
		A0CD41DA2550705A00D79916 /* Resources */ = {
			isa = PBXResourcesBuildPhase;
			buildActionMask = 2147483647;
			files = (
			);
			runOnlyForDeploymentPostprocessing = 0;
		};
		A0CD41E52550705A00D79916 /* Resources */ = {
			isa = PBXResourcesBuildPhase;
			buildActionMask = 2147483647;
			files = (
			);
			runOnlyForDeploymentPostprocessing = 0;
		};
/* End PBXResourcesBuildPhase section */

/* Begin PBXSourcesBuildPhase section */
		A0CD41C22550705200D79916 /* Sources */ = {
			isa = PBXSourcesBuildPhase;
			buildActionMask = 2147483647;
			files = (
				A0CD41CA2550705200D79916 /* AppDelegate.swift in Sources */,
				A0CD41CC2550705200D79916 /* SceneDelegate.swift in Sources */,
				A0CD41CE2550705200D79916 /* ContentView.swift in Sources */,
				A0CD41FC2551382500D79916 /* mapView.swift in Sources */,
				A0CD41FA2551380300D79916 /* taskView.swift in Sources */,
			);
			runOnlyForDeploymentPostprocessing = 0;
		};
		A0CD41D82550705A00D79916 /* Sources */ = {
			isa = PBXSourcesBuildPhase;
			buildActionMask = 2147483647;
			files = (
				A0CD41E12550705A00D79916 /* mapDoingSuccessTests.swift in Sources */,
			);
			runOnlyForDeploymentPostprocessing = 0;
		};
		A0CD41E32550705A00D79916 /* Sources */ = {
			isa = PBXSourcesBuildPhase;
			buildActionMask = 2147483647;
			files = (
				A0CD41EC2550705A00D79916 /* mapDoingSuccessUITests.swift in Sources */,
			);
			runOnlyForDeploymentPostprocessing = 0;
		};
/* End PBXSourcesBuildPhase section */

/* Begin PBXTargetDependency section */
		A0CD41DE2550705A00D79916 /* PBXTargetDependency */ = {
			isa = PBXTargetDependency;
			target = A0CD41C52550705200D79916 /* mapDoingSuccess */;
			targetProxy = A0CD41DD2550705A00D79916 /* PBXContainerItemProxy */;
		};
		A0CD41E92550705A00D79916 /* PBXTargetDependency */ = {
			isa = PBXTargetDependency;
			target = A0CD41C52550705200D79916 /* mapDoingSuccess */;
			targetProxy = A0CD41E82550705A00D79916 /* PBXContainerItemProxy */;
		};
/* End PBXTargetDependency section */

/* Begin PBXVariantGroup section */
		A0CD41D42550705A00D79916 /* LaunchScreen.storyboard */ = {
			isa = PBXVariantGroup;
			children = (
				A0CD41D52550705A00D79916 /* Base */,
			);
			name = LaunchScreen.storyboard;
			sourceTree = "<group>";
		};
/* End PBXVariantGroup section */

/* Begin XCBuildConfiguration section */
		A0CD41EE2550705A00D79916 /* Debug */ = {
			isa = XCBuildConfiguration;
			buildSettings = {
				ALWAYS_SEARCH_USER_PATHS = NO;
				CLANG_ANALYZER_NONNULL = YES;
				CLANG_ANALYZER_NUMBER_OBJECT_CONVERSION = YES_AGGRESSIVE;
				CLANG_CXX_LANGUAGE_STANDARD = "gnu++14";
				CLANG_CXX_LIBRARY = "libc++";
				CLANG_ENABLE_MODULES = YES;
				CLANG_ENABLE_OBJC_ARC = YES;
				CLANG_ENABLE_OBJC_WEAK = YES;
				CLANG_WARN_BLOCK_CAPTURE_AUTORELEASING = YES;
				CLANG_WARN_BOOL_CONVERSION = YES;
				CLANG_WARN_COMMA = YES;
				CLANG_WARN_CONSTANT_CONVERSION = YES;
				CLANG_WARN_DEPRECATED_OBJC_IMPLEMENTATIONS = YES;
				CLANG_WARN_DIRECT_OBJC_ISA_USAGE = YES_ERROR;
				CLANG_WARN_DOCUMENTATION_COMMENTS = YES;
				CLANG_WARN_EMPTY_BODY = YES;
				CLANG_WARN_ENUM_CONVERSION = YES;
				CLANG_WARN_INFINITE_RECURSION = YES;
				CLANG_WARN_INT_CONVERSION = YES;
				CLANG_WARN_NON_LITERAL_NULL_CONVERSION = YES;
				CLANG_WARN_OBJC_IMPLICIT_RETAIN_SELF = YES;
				CLANG_WARN_OBJC_LITERAL_CONVERSION = YES;
				CLANG_WARN_OBJC_ROOT_CLASS = YES_ERROR;
				CLANG_WARN_RANGE_LOOP_ANALYSIS = YES;
				CLANG_WARN_STRICT_PROTOTYPES = YES;
				CLANG_WARN_SUSPICIOUS_MOVE = YES;
				CLANG_WARN_UNGUARDED_AVAILABILITY = YES_AGGRESSIVE;
				CLANG_WARN_UNREACHABLE_CODE = YES;
				CLANG_WARN__DUPLICATE_METHOD_MATCH = YES;
				COPY_PHASE_STRIP = NO;
				DEBUG_INFORMATION_FORMAT = dwarf;
				ENABLE_STRICT_OBJC_MSGSEND = YES;
				ENABLE_TESTABILITY = YES;
				GCC_C_LANGUAGE_STANDARD = gnu11;
				GCC_DYNAMIC_NO_PIC = NO;
				GCC_NO_COMMON_BLOCKS = YES;
				GCC_OPTIMIZATION_LEVEL = 0;
				GCC_PREPROCESSOR_DEFINITIONS = (
					"DEBUG=1",
					"$(inherited)",
				);
				GCC_WARN_64_TO_32_BIT_CONVERSION = YES;
				GCC_WARN_ABOUT_RETURN_TYPE = YES_ERROR;
				GCC_WARN_UNDECLARED_SELECTOR = YES;
				GCC_WARN_UNINITIALIZED_AUTOS = YES_AGGRESSIVE;
				GCC_WARN_UNUSED_FUNCTION = YES;
				GCC_WARN_UNUSED_VARIABLE = YES;
				IPHONEOS_DEPLOYMENT_TARGET = 13.5;
				MTL_ENABLE_DEBUG_INFO = INCLUDE_SOURCE;
				MTL_FAST_MATH = YES;
				ONLY_ACTIVE_ARCH = YES;
				SDKROOT = iphoneos;
				SWIFT_ACTIVE_COMPILATION_CONDITIONS = DEBUG;
				SWIFT_OPTIMIZATION_LEVEL = "-Onone";
			};
			name = Debug;
		};
		A0CD41EF2550705A00D79916 /* Release */ = {
			isa = XCBuildConfiguration;
			buildSettings = {
				ALWAYS_SEARCH_USER_PATHS = NO;
				CLANG_ANALYZER_NONNULL = YES;
				CLANG_ANALYZER_NUMBER_OBJECT_CONVERSION = YES_AGGRESSIVE;
				CLANG_CXX_LANGUAGE_STANDARD = "gnu++14";
				CLANG_CXX_LIBRARY = "libc++";
				CLANG_ENABLE_MODULES = YES;
				CLANG_ENABLE_OBJC_ARC = YES;
				CLANG_ENABLE_OBJC_WEAK = YES;
				CLANG_WARN_BLOCK_CAPTURE_AUTORELEASING = YES;
				CLANG_WARN_BOOL_CONVERSION = YES;
				CLANG_WARN_COMMA = YES;
				CLANG_WARN_CONSTANT_CONVERSION = YES;
				CLANG_WARN_DEPRECATED_OBJC_IMPLEMENTATIONS = YES;
				CLANG_WARN_DIRECT_OBJC_ISA_USAGE = YES_ERROR;
				CLANG_WARN_DOCUMENTATION_COMMENTS = YES;
				CLANG_WARN_EMPTY_BODY = YES;
				CLANG_WARN_ENUM_CONVERSION = YES;
				CLANG_WARN_INFINITE_RECURSION = YES;
				CLANG_WARN_INT_CONVERSION = YES;
				CLANG_WARN_NON_LITERAL_NULL_CONVERSION = YES;
				CLANG_WARN_OBJC_IMPLICIT_RETAIN_SELF = YES;
				CLANG_WARN_OBJC_LITERAL_CONVERSION = YES;
				CLANG_WARN_OBJC_ROOT_CLASS = YES_ERROR;
				CLANG_WARN_RANGE_LOOP_ANALYSIS = YES;
				CLANG_WARN_STRICT_PROTOTYPES = YES;
				CLANG_WARN_SUSPICIOUS_MOVE = YES;
				CLANG_WARN_UNGUARDED_AVAILABILITY = YES_AGGRESSIVE;
				CLANG_WARN_UNREACHABLE_CODE = YES;
				CLANG_WARN__DUPLICATE_METHOD_MATCH = YES;
				COPY_PHASE_STRIP = NO;
				DEBUG_INFORMATION_FORMAT = "dwarf-with-dsym";
				ENABLE_NS_ASSERTIONS = NO;
				ENABLE_STRICT_OBJC_MSGSEND = YES;
				GCC_C_LANGUAGE_STANDARD = gnu11;
				GCC_NO_COMMON_BLOCKS = YES;
				GCC_WARN_64_TO_32_BIT_CONVERSION = YES;
				GCC_WARN_ABOUT_RETURN_TYPE = YES_ERROR;
				GCC_WARN_UNDECLARED_SELECTOR = YES;
				GCC_WARN_UNINITIALIZED_AUTOS = YES_AGGRESSIVE;
				GCC_WARN_UNUSED_FUNCTION = YES;
				GCC_WARN_UNUSED_VARIABLE = YES;
				IPHONEOS_DEPLOYMENT_TARGET = 13.5;
				MTL_ENABLE_DEBUG_INFO = NO;
				MTL_FAST_MATH = YES;
				SDKROOT = iphoneos;
				SWIFT_COMPILATION_MODE = wholemodule;
				SWIFT_OPTIMIZATION_LEVEL = "-O";
				VALIDATE_PRODUCT = YES;
			};
			name = Release;
		};
		A0CD41F12550705A00D79916 /* Debug */ = {
			isa = XCBuildConfiguration;
			buildSettings = {
				ASSETCATALOG_COMPILER_APPICON_NAME = AppIcon;
				CODE_SIGN_STYLE = Automatic;
				DEVELOPMENT_ASSET_PATHS = "\"mapDoingSuccess/Preview Content\"";
				DEVELOPMENT_TEAM = APKD84DB77;
				ENABLE_PREVIEWS = YES;
				INFOPLIST_FILE = mapDoingSuccess/Info.plist;
				LD_RUNPATH_SEARCH_PATHS = (
					"$(inherited)",
					"@executable_path/Frameworks",
				);
				PRODUCT_BUNDLE_IDENTIFIER = HGO.NET.mapDoingSuccess;
				PRODUCT_NAME = "$(TARGET_NAME)";
				SWIFT_VERSION = 5.0;
				TARGETED_DEVICE_FAMILY = "1,2";
			};
			name = Debug;
		};
		A0CD41F22550705A00D79916 /* Release */ = {
			isa = XCBuildConfiguration;
			buildSettings = {
				ASSETCATALOG_COMPILER_APPICON_NAME = AppIcon;
				CODE_SIGN_STYLE = Automatic;
				DEVELOPMENT_ASSET_PATHS = "\"mapDoingSuccess/Preview Content\"";
				DEVELOPMENT_TEAM = APKD84DB77;
				ENABLE_PREVIEWS = YES;
				INFOPLIST_FILE = mapDoingSuccess/Info.plist;
				LD_RUNPATH_SEARCH_PATHS = (
					"$(inherited)",
					"@executable_path/Frameworks",
				);
				PRODUCT_BUNDLE_IDENTIFIER = HGO.NET.mapDoingSuccess;
				PRODUCT_NAME = "$(TARGET_NAME)";
				SWIFT_VERSION = 5.0;
				TARGETED_DEVICE_FAMILY = "1,2";
			};
			name = Release;
		};
		A0CD41F42550705A00D79916 /* Debug */ = {
			isa = XCBuildConfiguration;
			buildSettings = {
				ALWAYS_EMBED_SWIFT_STANDARD_LIBRARIES = YES;
				BUNDLE_LOADER = "$(TEST_HOST)";
				CODE_SIGN_STYLE = Automatic;
				DEVELOPMENT_TEAM = APKD84DB77;
				INFOPLIST_FILE = mapDoingSuccessTests/Info.plist;
				IPHONEOS_DEPLOYMENT_TARGET = 13.5;
				LD_RUNPATH_SEARCH_PATHS = (
					"$(inherited)",
					"@executable_path/Frameworks",
					"@loader_path/Frameworks",
				);
				PRODUCT_BUNDLE_IDENTIFIER = HGO.NET.mapDoingSuccessTests;
				PRODUCT_NAME = "$(TARGET_NAME)";
				SWIFT_VERSION = 5.0;
				TARGETED_DEVICE_FAMILY = "1,2";
				TEST_HOST = "$(BUILT_PRODUCTS_DIR)/mapDoingSuccess.app/mapDoingSuccess";
			};
			name = Debug;
		};
		A0CD41F52550705A00D79916 /* Release */ = {
			isa = XCBuildConfiguration;
			buildSettings = {
				ALWAYS_EMBED_SWIFT_STANDARD_LIBRARIES = YES;
				BUNDLE_LOADER = "$(TEST_HOST)";
				CODE_SIGN_STYLE = Automatic;
				DEVELOPMENT_TEAM = APKD84DB77;
				INFOPLIST_FILE = mapDoingSuccessTests/Info.plist;
				IPHONEOS_DEPLOYMENT_TARGET = 13.5;
				LD_RUNPATH_SEARCH_PATHS = (
					"$(inherited)",
					"@executable_path/Frameworks",
					"@loader_path/Frameworks",
				);
				PRODUCT_BUNDLE_IDENTIFIER = HGO.NET.mapDoingSuccessTests;
				PRODUCT_NAME = "$(TARGET_NAME)";
				SWIFT_VERSION = 5.0;
				TARGETED_DEVICE_FAMILY = "1,2";
				TEST_HOST = "$(BUILT_PRODUCTS_DIR)/mapDoingSuccess.app/mapDoingSuccess";
			};
			name = Release;
		};
		A0CD41F72550705A00D79916 /* Debug */ = {
			isa = XCBuildConfiguration;
			buildSettings = {
				ALWAYS_EMBED_SWIFT_STANDARD_LIBRARIES = YES;
				CODE_SIGN_STYLE = Automatic;
				DEVELOPMENT_TEAM = APKD84DB77;
				INFOPLIST_FILE = mapDoingSuccessUITests/Info.plist;
				LD_RUNPATH_SEARCH_PATHS = (
					"$(inherited)",
					"@executable_path/Frameworks",
					"@loader_path/Frameworks",
				);
				PRODUCT_BUNDLE_IDENTIFIER = HGO.NET.mapDoingSuccessUITests;
				PRODUCT_NAME = "$(TARGET_NAME)";
				SWIFT_VERSION = 5.0;
				TARGETED_DEVICE_FAMILY = "1,2";
				TEST_TARGET_NAME = mapDoingSuccess;
			};
			name = Debug;
		};
		A0CD41F82550705A00D79916 /* Release */ = {
			isa = XCBuildConfiguration;
			buildSettings = {
				ALWAYS_EMBED_SWIFT_STANDARD_LIBRARIES = YES;
				CODE_SIGN_STYLE = Automatic;
				DEVELOPMENT_TEAM = APKD84DB77;
				INFOPLIST_FILE = mapDoingSuccessUITests/Info.plist;
				LD_RUNPATH_SEARCH_PATHS = (
					"$(inherited)",
					"@executable_path/Frameworks",
					"@loader_path/Frameworks",
				);
				PRODUCT_BUNDLE_IDENTIFIER = HGO.NET.mapDoingSuccessUITests;
				PRODUCT_NAME = "$(TARGET_NAME)";
				SWIFT_VERSION = 5.0;
				TARGETED_DEVICE_FAMILY = "1,2";
				TEST_TARGET_NAME = mapDoingSuccess;
			};
			name = Release;
		};
/* End XCBuildConfiguration section */

/* Begin XCConfigurationList section */
		A0CD41C12550705200D79916 /* Build configuration list for PBXProject "mapDoingSuccess" */ = {
			isa = XCConfigurationList;
			buildConfigurations = (
				A0CD41EE2550705A00D79916 /* Debug */,
				A0CD41EF2550705A00D79916 /* Release */,
			);
			defaultConfigurationIsVisible = 0;
			defaultConfigurationName = Release;
		};
		A0CD41F02550705A00D79916 /* Build configuration list for PBXNativeTarget "mapDoingSuccess" */ = {
			isa = XCConfigurationList;
			buildConfigurations = (
				A0CD41F12550705A00D79916 /* Debug */,
				A0CD41F22550705A00D79916 /* Release */,
			);
			defaultConfigurationIsVisible = 0;
			defaultConfigurationName = Release;
		};
		A0CD41F32550705A00D79916 /* Build configuration list for PBXNativeTarget "mapDoingSuccessTests" */ = {
			isa = XCConfigurationList;
			buildConfigurations = (
				A0CD41F42550705A00D79916 /* Debug */,
				A0CD41F52550705A00D79916 /* Release */,
			);
			defaultConfigurationIsVisible = 0;
			defaultConfigurationName = Release;
		};
		A0CD41F62550705A00D79916 /* Build configuration list for PBXNativeTarget "mapDoingSuccessUITests" */ = {
			isa = XCConfigurationList;
			buildConfigurations = (
				A0CD41F72550705A00D79916 /* Debug */,
				A0CD41F82550705A00D79916 /* Release */,
			);
			defaultConfigurationIsVisible = 0;
			defaultConfigurationName = Release;
		};
/* End XCConfigurationList section */
	};
	rootObject = A0CD41BE2550705200D79916 /* Project object */;
}
